{
  "name": "tool-kit-test",
  "version": "1.0.0",
  "lockfileVersion": 2,
  "requires": true,
  "packages": {
    "": {
      "name": "tool-kit-test",
      "version": "1.0.0",
      "license": "ISC",
      "devDependencies": {
        "@dotcom-tool-kit/lmao-group": "file:../lmao-group",
        "dotcom-tool-kit": "file:../cli"
      }
    },
    "../cli": {
      "name": "dotcom-tool-kit",
      "version": "0.0.0",
      "dev": true,
      "license": "MIT",
      "dependencies": {
        "@oclif/config": "^1.17.0",
        "@oclif/plugin-help": "^3.2.2",
        "node-fetch": "^2.6.1",
        "oclif-plugin-app-plugins": "file:../oclif-plugin-app-plugins",
        "tslib": "^1.14.1"
      },
      "bin": {
        "dotcom-tool-kit": "bin/run"
      },
      "devDependencies": {
        "@oclif/command": "^1.8.0",
        "@oclif/dev-cli": "^1.26.0",
        "@oclif/test": "1.2.8",
        "@types/jest": "26.0.20",
        "@types/mocha": "8.2.1",
        "@types/node": "^10.17.54",
        "@types/node-fetch": "^2.5.8",
        "eslint": "^5.16.0",
        "eslint-config-oclif": "^3.1.0",
        "eslint-config-oclif-typescript": "^0.1.0",
        "globby": "^10.0.2",
        "mocha": "^8.3.0",
        "ts-node": "^8.10.2",
        "typescript": "^3.9.9"
      },
      "engines": {
        "node": ">=8.0.0"
      }
    },
    "../lmao-group": {
      "name": "@dotcom-page-kit/lmao-group",
      "version": "1.0.0",
      "dev": true,
      "license": "ISC",
      "dependencies": {
        "@dotcom-page-kit/lmao": "file:../lmao",
        "@dotcom-page-kit/lol": "file:../lol",
        "@oclif/command": "^1.8.0"
      }
    },
    "node_modules/@dotcom-tool-kit/lmao-group": {
      "resolved": "../lmao-group",
      "link": true
    },
    "node_modules/dotcom-tool-kit": {
      "resolved": "../cli",
      "link": true
    }
  },
  "dependencies": {
    "@dotcom-tool-kit/lmao-group": {
      "version": "file:../lmao-group",
      "requires": {
        "@dotcom-page-kit/lmao": "file:../lmao",
        "@dotcom-page-kit/lol": "file:../lol",
        "@oclif/command": "^1.8.0"
      }
    },
    "dotcom-tool-kit": {
      "version": "file:../cli",
      "requires": {
        "@oclif/command": "^1.8.0",
        "@oclif/config": "^1.17.0",
        "@oclif/dev-cli": "^1.26.0",
        "@oclif/plugin-help": "^3.2.2",
        "@oclif/test": "1.2.8",
        "@types/jest": "26.0.20",
        "@types/mocha": "8.2.1",
        "@types/node": "^10.17.54",
        "@types/node-fetch": "^2.5.8",
        "eslint": "^5.16.0",
        "eslint-config-oclif": "^3.1.0",
        "eslint-config-oclif-typescript": "^0.1.0",
        "globby": "^10.0.2",
        "mocha": "^8.3.0",
        "node-fetch": "^2.6.1",
        "oclif-plugin-app-plugins": "file:../oclif-plugin-app-plugins",
        "ts-node": "^8.10.2",
        "tslib": "^1.14.1",
        "typescript": "^3.9.9"
      }
    }
  }
}
