{
  "name": "@dotcom-tool-kit/heroku-postbuild",
  "version": "1.0.0",
  "lockfileVersion": 2,
  "requires": true,
  "packages": {
    "": {
      "name": "@dotcom-tool-kit/heroku-postbuild",
      "version": "1.0.0",
      "license": "ISC",
      "dependencies": {
        "@dotcom-tool-kit/base-command": "file:../base-command"
      }
    },
    "../base-command": {
      "name": "@dotcom-tool-kit/base-command",
      "version": "1.0.0",
      "license": "ISC",
      "dependencies": {
        "@oclif/command": "^1.8.0"
      }
    },
    "node_modules/@dotcom-tool-kit/base-command": {
      "resolved": "../base-command",
      "link": true
    }
  },
  "dependencies": {
    "@dotcom-tool-kit/base-command": {
      "version": "file:../base-command",
      "requires": {
        "@oclif/command": "^1.8.0"
      }
    }
  }
}
